
Microsoft Visual Studio Solution File, Format Version 12.00
# Visual Studio Version 17
VisualStudioVersion = 17.10.35013.160
MinimumVisualStudioVersion = 10.0.40219.1
Project("{8BC9CEB8-8B4A-11D0-8D11-00A0C91BC942}") = "Martionotany", "Martionotany\Martionotany.vcxproj", "{82B90780-17AF-4C3D-B1D0-FD74DF0AB97E}"
EndProject
Global
	GlobalSection(SolutionConfigurationPlatforms) = preSolution
		Debug|x64 = Debug|x64
		Debug|x86 = Debug|x86
		Release|x64 = Release|x64
		Release|x86 = Release|x86
	EndGlobalSection
	GlobalSection(ProjectConfigurationPlatforms) = postSolution
		{82B90780-17AF-4C3D-B1D0-FD74DF0AB97E}.Debug|x64.ActiveCfg = Debug|x64
		{82B90780-17AF-4C3D-B1D0-FD74DF0AB97E}.Debug|x64.Build.0 = Debug|x64
		{82B90780-17AF-4C3D-B1D0-FD74DF0AB97E}.Debug|x86.ActiveCfg = Debug|Win32
		{82B90780-17AF-4C3D-B1D0-FD74DF0AB97E}.Debug|x86.Build.0 = Debug|Win32
		{82B90780-17AF-4C3D-B1D0-FD74DF0AB97E}.Release|x64.ActiveCfg = Release|x64
		{82B90780-17AF-4C3D-B1D0-FD74DF0AB97E}.Release|x64.Build.0 = Release|x64
		{82B90780-17AF-4C3D-B1D0-FD74DF0AB97E}.Release|x86.ActiveCfg = Release|Win32
		{82B90780-17AF-4C3D-B1D0-FD74DF0AB97E}.Release|x86.Build.0 = Release|Win32
	EndGlobalSection
	GlobalSection(SolutionProperties) = preSolution
		HideSolutionNode = FALSE
	EndGlobalSection
	GlobalSection(ExtensibilityGlobals) = postSolution
		SolutionGuid = {365C3C3D-16F8-41F3-B50E-C0F9C294BADF}
	EndGlobalSection
EndGlobal
